<?xml version="1.0" encoding="utf-8"?>
<Project ToolsVersion="4.0" xmlns="http://schemas.microsoft.com/developer/msbuild/2003">
  <ItemGroup>
    <Filter Include="Source Files">
      <UniqueIdentifier>{4FC737F1-C7A5-4376-A066-2A32D752A2FF}</UniqueIdentifier>
      <Extensions>cpp;c;cc;cxx;c++;cppm;ixx;def;odl;idl;hpj;bat;asm;asmx</Extensions>
    </Filter>
    <Filter Include="Libraries">
      <UniqueIdentifier>{f5903231-ed1f-433f-92f8-ffd9534ae803}</UniqueIdentifier>
    </Filter>
    <Filter Include="Libraries\glad">
      <UniqueIdentifier>{5e830ded-2397-4106-b7c4-47c7529c4a01}</UniqueIdentifier>
    </Filter>
    <Filter Include="Source Files\Application">
      <UniqueIdentifier>{67e595de-51a4-460d-802a-2ebdc6aa1c7d}</UniqueIdentifier>
    </Filter>
    <Filter Include="Source Files\Application\Scene">
      <UniqueIdentifier>{362ae7aa-563e-4333-ba53-75bad81a5ef0}</UniqueIdentifier>
    </Filter>
    <Filter Include="Source Files\Application\Graphics">
      <UniqueIdentifier>{13342599-ae91-4dcb-9f46-8660054b505a}</UniqueIdentifier>
    </Filter>
    <Filter Include="Source Files\Application\Graphics\Shaders">
      <UniqueIdentifier>{19bd3285-d89e-4056-ae22-3d81b9b1509b}</UniqueIdentifier>
    </Filter>
    <Filter Include="Source Files\StaticUtility">
      <UniqueIdentifier>{f595900e-59b7-46ed-a33d-8edcac322aa9}</UniqueIdentifier>
    </Filter>
    <Filter Include="Libraries\stb_image">
      <UniqueIdentifier>{bb762049-7b7c-4b78-9700-88e8a942f630}</UniqueIdentifier>
    </Filter>
    <Filter Include="Source Files\Application\Graphics\Models">
      <UniqueIdentifier>{b033cdd0-3078-4e11-81f4-47c0ba2d398e}</UniqueIdentifier>
    </Filter>
    <Filter Include="Source Files\Application\Graphics\Meshes">
      <UniqueIdentifier>{102834d9-a1a7-48a3-9695-fcb7b31bc8b9}</UniqueIdentifier>
    </Filter>
    <Filter Include="Source Files\Application\Graphics\Materials">
      <UniqueIdentifier>{9df2d118-c7ad-49f9-bf57-134178b97899}</UniqueIdentifier>
    </Filter>
    <Filter Include="Source Files\Application\Graphics\Textures">
      <UniqueIdentifier>{429b2fb2-169c-43f2-8228-5700ad342c89}</UniqueIdentifier>
    </Filter>
    <Filter Include="Source Files\Application\Scene\Components">
      <UniqueIdentifier>{fd4d219c-af33-44f2-8d77-e6312c734544}</UniqueIdentifier>
    </Filter>
    <Filter Include="Libraries\ImGui">
      <UniqueIdentifier>{e39bd73c-8c32-4ef0-a339-716910547d42}</UniqueIdentifier>
    </Filter>
    <Filter Include="Libraries\ImGuizmo">
      <UniqueIdentifier>{c8cf5cf9-dd70-444b-8e6a-2c339c5f8bfe}</UniqueIdentifier>
    </Filter>
    <Filter Include="Libraries\soloud">
      <UniqueIdentifier>{0d929240-a4b5-4ac7-8d41-96bfa70d614e}</UniqueIdentifier>
    </Filter>
    <Filter Include="Source Files\Application\Audio">
      <UniqueIdentifier>{800c4311-ed0d-4827-b2a4-3c4eff7b86ec}</UniqueIdentifier>
    </Filter>
    <Filter Include="Source Files\Application\Crawler">
      <UniqueIdentifier>{e59a8875-a180-4083-99f7-968dc4fabf36}</UniqueIdentifier>
    </Filter>
  </ItemGroup>
  <ItemGroup>
    <ClCompile Include="glad.c">
      <Filter>Libraries\glad</Filter>
    </ClCompile>
    <ClCompile Include="Application.cpp">
      <Filter>Source Files\Application</Filter>
    </ClCompile>
    <ClCompile Include="..\imgui\imgui.cpp">
      <Filter>Libraries\ImGui</Filter>
    </ClCompile>
    <ClCompile Include="..\imgui\imgui_demo.cpp">
      <Filter>Libraries\ImGui</Filter>
    </ClCompile>
    <ClCompile Include="..\imgui\imgui_draw.cpp">
      <Filter>Libraries\ImGui</Filter>
    </ClCompile>
    <ClCompile Include="..\imgui\imgui_tables.cpp">
      <Filter>Libraries\ImGui</Filter>
    </ClCompile>
    <ClCompile Include="..\imgui\imgui_widgets.cpp">
      <Filter>Libraries\ImGui</Filter>
    </ClCompile>
    <ClCompile Include="..\imgui\imgui_impl_glfw.cpp">
      <Filter>Libraries\ImGui</Filter>
    </ClCompile>
    <ClCompile Include="..\imgui\imgui_impl_opengl3.cpp">
      <Filter>Libraries\ImGui</Filter>
    </ClCompile>
    <ClCompile Include="Input.cpp">
      <Filter>Source Files\Application</Filter>
    </ClCompile>
    <ClCompile Include="Object.cpp">
      <Filter>Source Files\Application\Scene</Filter>
    </ClCompile>
    <ClCompile Include="Scene.cpp">
      <Filter>Source Files\Application\Scene</Filter>
    </ClCompile>
    <ClCompile Include="Main.cpp" />
    <ClCompile Include="..\imgui\imgui_stdlib.cpp">
      <Filter>Libraries\ImGui</Filter>
    </ClCompile>
    <ClCompile Include="Material.cpp">
      <Filter>Source Files\Application\Graphics\Materials</Filter>
    </ClCompile>
    <ClCompile Include="MaterialManager.cpp">
      <Filter>Source Files\Application\Graphics\Materials</Filter>
    </ClCompile>
    <ClCompile Include="Mesh.cpp">
      <Filter>Source Files\Application\Graphics\Meshes</Filter>
    </ClCompile>
    <ClCompile Include="MeshManager.cpp">
      <Filter>Source Files\Application\Graphics\Meshes</Filter>
    </ClCompile>
    <ClCompile Include="ShaderManager.cpp">
      <Filter>Source Files\Application\Graphics\Shaders</Filter>
    </ClCompile>
    <ClCompile Include="ShaderProgram.cpp">
      <Filter>Source Files\Application\Graphics\Shaders</Filter>
    </ClCompile>
    <ClCompile Include="Model.cpp">
      <Filter>Source Files\Application\Graphics\Models</Filter>
    </ClCompile>
    <ClCompile Include="Texture.cpp">
      <Filter>Source Files\Application\Graphics\Textures</Filter>
    </ClCompile>
    <ClCompile Include="TextureManager.cpp">
      <Filter>Source Files\Application\Graphics\Textures</Filter>
    </ClCompile>
    <ClCompile Include="ModelManager.cpp">
      <Filter>Source Files\Application\Graphics\Models</Filter>
    </ClCompile>
    <ClCompile Include="UniformBuffer.cpp">
      <Filter>Source Files\Application\Graphics\Shaders</Filter>
    </ClCompile>
    <ClCompile Include="Window.cpp">
      <Filter>Source Files\Application</Filter>
    </ClCompile>
    <ClCompile Include="ComponentModel.cpp">
      <Filter>Source Files\Application\Scene\Components</Filter>
    </ClCompile>
    <ClCompile Include="ComponentFactory.cpp">
      <Filter>Source Files\Application\Scene\Components</Filter>
    </ClCompile>
    <ClCompile Include="ComponentAnimator.cpp">
      <Filter>Source Files\Application\Scene\Components</Filter>
    </ClCompile>
    <ClCompile Include="Component.cpp">
      <Filter>Source Files\Application\Scene\Components</Filter>
    </ClCompile>
    <ClCompile Include="ComponentRenderer.cpp">
      <Filter>Source Files\Application\Scene\Components</Filter>
    </ClCompile>
    <ClCompile Include="ComponentCamera.cpp">
      <Filter>Source Files\Application\Scene\Components</Filter>
    </ClCompile>
    <ClCompile Include="..\imguizmo\ImGuizmo.cpp">
      <Filter>Libraries\ImGuizmo</Filter>
    </ClCompile>
    <ClCompile Include="PostProcess.cpp">
      <Filter>Source Files\Application\Graphics\Shaders</Filter>
    </ClCompile>
    <ClCompile Include="Animation.cpp">
      <Filter>Source Files\Application\Graphics\Models</Filter>
    </ClCompile>
    <ClCompile Include="FrameBuffer.cpp">
      <Filter>Source Files\Application\Graphics\Textures</Filter>
    </ClCompile>
    <ClCompile Include="..\soloud\src\core\soloud.cpp">
      <Filter>Libraries\soloud</Filter>
    </ClCompile>
    <ClCompile Include="..\soloud\src\core\soloud_audiosource.cpp">
      <Filter>Libraries\soloud</Filter>
    </ClCompile>
    <ClCompile Include="..\soloud\src\core\soloud_bus.cpp">
      <Filter>Libraries\soloud</Filter>
    </ClCompile>
    <ClCompile Include="..\soloud\src\core\soloud_core_3d.cpp">
      <Filter>Libraries\soloud</Filter>
    </ClCompile>
    <ClCompile Include="..\soloud\src\core\soloud_core_basicops.cpp">
      <Filter>Libraries\soloud</Filter>
    </ClCompile>
    <ClCompile Include="..\soloud\src\core\soloud_core_faderops.cpp">
      <Filter>Libraries\soloud</Filter>
    </ClCompile>
    <ClCompile Include="..\soloud\src\core\soloud_core_filterops.cpp">
      <Filter>Libraries\soloud</Filter>
    </ClCompile>
    <ClCompile Include="..\soloud\src\core\soloud_core_getters.cpp">
      <Filter>Libraries\soloud</Filter>
    </ClCompile>
    <ClCompile Include="..\soloud\src\core\soloud_core_setters.cpp">
      <Filter>Libraries\soloud</Filter>
    </ClCompile>
    <ClCompile Include="..\soloud\src\core\soloud_core_voicegroup.cpp">
      <Filter>Libraries\soloud</Filter>
    </ClCompile>
    <ClCompile Include="..\soloud\src\core\soloud_core_voiceops.cpp">
      <Filter>Libraries\soloud</Filter>
    </ClCompile>
    <ClCompile Include="..\soloud\src\core\soloud_fader.cpp">
      <Filter>Libraries\soloud</Filter>
    </ClCompile>
    <ClCompile Include="..\soloud\src\core\soloud_fft.cpp">
      <Filter>Libraries\soloud</Filter>
    </ClCompile>
    <ClCompile Include="..\soloud\src\core\soloud_fft_lut.cpp">
      <Filter>Libraries\soloud</Filter>
    </ClCompile>
    <ClCompile Include="..\soloud\src\core\soloud_file.cpp">
      <Filter>Libraries\soloud</Filter>
    </ClCompile>
    <ClCompile Include="..\soloud\src\core\soloud_filter.cpp">
      <Filter>Libraries\soloud</Filter>
    </ClCompile>
    <ClCompile Include="..\soloud\src\core\soloud_misc.cpp">
      <Filter>Libraries\soloud</Filter>
    </ClCompile>
    <ClCompile Include="..\soloud\src\core\soloud_queue.cpp">
      <Filter>Libraries\soloud</Filter>
    </ClCompile>
    <ClCompile Include="..\soloud\src\core\soloud_thread.cpp">
      <Filter>Libraries\soloud</Filter>
    </ClCompile>
    <ClCompile Include="..\soloud\src\backend\winmm\soloud_winmm.cpp">
      <Filter>Libraries\soloud</Filter>
    </ClCompile>
    <ClCompile Include="..\soloud\src\audiosource\wav\dr_impl.cpp">
      <Filter>Libraries\soloud</Filter>
    </ClCompile>
    <ClCompile Include="..\soloud\src\audiosource\wav\soloud_wav.cpp">
      <Filter>Libraries\soloud</Filter>
    </ClCompile>
    <ClCompile Include="..\soloud\src\audiosource\wav\soloud_wavstream.cpp">
      <Filter>Libraries\soloud</Filter>
    </ClCompile>
    <ClCompile Include="..\soloud\src\audiosource\wav\stb_vorbis.c">
      <Filter>Libraries\soloud</Filter>
    </ClCompile>
    <ClCompile Include="AudioManager.cpp">
      <Filter>Source Files\Application\Audio</Filter>
    </ClCompile>
    <ClCompile Include="DungeonPlayer.cpp">
      <Filter>Source Files\Application\Crawler</Filter>
    </ClCompile>
    <ClCompile Include="Dungeon.cpp">
      <Filter>Source Files\Application\Crawler</Filter>
    </ClCompile>
    <ClCompile Include="DungeonEditor.cpp">
      <Filter>Source Files\Application\Crawler</Filter>
    </ClCompile>
    <ClCompile Include="ComponentAudioSource.cpp">
      <Filter>Source Files\Application\Scene\Components</Filter>
    </ClCompile>
    <ClCompile Include="DungeonArtTester.cpp">
      <Filter>Source Files\Application\Crawler</Filter>
    </ClCompile>
    <ClCompile Include="DungeonInteractableLever.cpp">
      <Filter>Source Files\Application\Crawler</Filter>
    </ClCompile>
    <ClCompile Include="DungeonDoor.cpp">
      <Filter>Source Files\Application\Crawler</Filter>
    </ClCompile>
    <ClCompile Include="DungeonActivatorPlate.cpp">
      <Filter>Source Files\Application\Crawler</Filter>
    </ClCompile>
    <ClCompile Include="DungeonTransporter.cpp">
      <Filter>Source Files\Application\Crawler</Filter>
    </ClCompile>
    <ClCompile Include="DungeonSpikes.cpp">
      <Filter>Source Files\Application\Crawler</Filter>
    </ClCompile>
    <ClCompile Include="DungeonPushableBlock.cpp">
      <Filter>Source Files\Application\Crawler</Filter>
    </ClCompile>
    <ClCompile Include="DungeonShootLaser.cpp">
      <Filter>Source Files\Application\Crawler</Filter>
    </ClCompile>
    <ClCompile Include="DungeonDamageVisual.cpp">
      <Filter>Source Files\Application\Crawler</Filter>
    </ClCompile>
    <ClCompile Include="DungeonShootLaserProjectile.cpp">
      <Filter>Source Files\Application\Crawler</Filter>
    </ClCompile>
    <ClCompile Include="DungeonEnemyBlocker.cpp">
      <Filter>Source Files\Application\Crawler</Filter>
    </ClCompile>
    <ClCompile Include="DungeonEnemyChase.cpp">
      <Filter>Source Files\Application\Crawler</Filter>
    </ClCompile>
    <ClCompile Include="DungeonEnemySwitcher.cpp">
      <Filter>Source Files\Application\Crawler</Filter>
    </ClCompile>
    <ClCompile Include="DungeonCheckpoint.cpp">
      <Filter>Source Files\Application\Crawler</Filter>
    </ClCompile>
    <ClCompile Include="DungeonMirror.cpp">
      <Filter>Source Files\Application\Crawler</Filter>
    </ClCompile>
    <ClCompile Include="DungeonEnemySlug.cpp">
      <Filter>Source Files\Application\Crawler</Filter>
    </ClCompile>
    <ClCompile Include="DungeonEnemySlugPath.cpp">
      <Filter>Source Files\Application\Crawler</Filter>
    </ClCompile>
    <ClCompile Include="DungeonDecoration.cpp">
      <Filter>Source Files\Application\Crawler</Filter>
    </ClCompile>
    <ClCompile Include="SceneEditorCamera.cpp">
      <Filter>Source Files\Application\Scene</Filter>
    </ClCompile>
    <ClCompile Include="SceneRenderer.cpp">
      <Filter>Source Files\Application\Scene</Filter>
    </ClCompile>
    <ClCompile Include="Primitives.cpp">
      <Filter>Source Files\Application\Scene</Filter>
    </ClCompile>
    <ClCompile Include="DungeonStairs.cpp">
      <Filter>Source Files\Application\Crawler</Filter>
    </ClCompile>
    <ClCompile Include="LineRenderer.cpp">
      <Filter>Source Files\Application\Scene</Filter>
    </ClCompile>
    <ClCompile Include="DungeonLight.cpp">
      <Filter>Source Files\Application\Crawler</Filter>
    </ClCompile>
    <ClCompile Include="DungeonMenu.cpp">
      <Filter>Source Files\Application\Crawler</Filter>
    </ClCompile>
    <ClCompile Include="ComponentLightPoint.cpp">
      <Filter>Source Files\Application\Scene\Components</Filter>
    </ClCompile>
    <ClCompile Include="DungeonGameManager.cpp">
      <Filter>Source Files\Application\Crawler</Filter>
    </ClCompile>
    <ClCompile Include="DungeonGameManagerEvent.cpp">
      <Filter>Source Files\Application\Crawler</Filter>
    </ClCompile>
    <ClCompile Include="ComponentCameraShaker.cpp">
      <Filter>Source Files\Application\Scene\Components</Filter>
    </ClCompile>
    <ClCompile Include="DungeonMenuButton.cpp">
      <Filter>Source Files\Application\Crawler</Filter>
    </ClCompile>
    <ClCompile Include="DungeonCollectableKey.cpp">
      <Filter>Source Files\Application\Crawler</Filter>
    </ClCompile>
    <ClCompile Include="SceneRendererBatched.cpp">
      <Filter>Source Files\Application\Scene</Filter>
    </ClCompile>
    <ClCompile Include="DungeonPushableBlockExploding.cpp">
      <Filter>Source Files\Application\Crawler</Filter>
    </ClCompile>
  </ItemGroup>
  <ItemGroup>
    <ClInclude Include="glad.h">
      <Filter>Libraries\glad</Filter>
    </ClInclude>
    <ClInclude Include="khrplatform.h">
      <Filter>Libraries\glad</Filter>
    </ClInclude>
    <ClInclude Include="FileUtils.h">
      <Filter>Source Files\StaticUtility</Filter>
    </ClInclude>
    <ClInclude Include="MathUtils.h">
      <Filter>Source Files\StaticUtility</Filter>
    </ClInclude>
    <ClInclude Include="Graphics.h">
      <Filter>Source Files\Application\Graphics</Filter>
    </ClInclude>
    <ClInclude Include="Application.h">
      <Filter>Source Files\Application</Filter>
    </ClInclude>
    <ClInclude Include="LogUtils.h">
      <Filter>Source Files\StaticUtility</Filter>
    </ClInclude>
    <ClInclude Include="..\imgui\imconfig.h">
      <Filter>Libraries\ImGui</Filter>
    </ClInclude>
    <ClInclude Include="..\imgui\imgui.h">
      <Filter>Libraries\ImGui</Filter>
    </ClInclude>
    <ClInclude Include="..\imgui\imgui_internal.h">
      <Filter>Libraries\ImGui</Filter>
    </ClInclude>
    <ClInclude Include="..\imgui\imstb_rectpack.h">
      <Filter>Libraries\ImGui</Filter>
    </ClInclude>
    <ClInclude Include="..\imgui\imstb_textedit.h">
      <Filter>Libraries\ImGui</Filter>
    </ClInclude>
    <ClInclude Include="..\imgui\imstb_truetype.h">
      <Filter>Libraries\ImGui</Filter>
    </ClInclude>
    <ClInclude Include="..\imgui\imgui_impl_glfw.h">
      <Filter>Libraries\ImGui</Filter>
    </ClInclude>
    <ClInclude Include="..\imgui\imgui_impl_opengl3.h">
      <Filter>Libraries\ImGui</Filter>
    </ClInclude>
    <ClInclude Include="..\imgui\imgui_impl_opengl3_loader.h">
      <Filter>Libraries\ImGui</Filter>
    </ClInclude>
    <ClInclude Include="Input.h">
      <Filter>Source Files\Application</Filter>
    </ClInclude>
    <ClInclude Include="Object.h">
      <Filter>Source Files\Application\Scene</Filter>
    </ClInclude>
    <ClInclude Include="Scene.h">
      <Filter>Source Files\Application\Scene</Filter>
    </ClInclude>
    <ClInclude Include="stb_image.h">
      <Filter>Libraries\stb_image</Filter>
    </ClInclude>
    <ClInclude Include="..\imgui\imgui_stdlib.h">
      <Filter>Libraries\ImGui</Filter>
    </ClInclude>
    <ClInclude Include="Light.h">
      <Filter>Source Files\Application\Scene</Filter>
    </ClInclude>
    <ClInclude Include="ai2glm.h">
      <Filter>Source Files\StaticUtility</Filter>
    </ClInclude>
    <ClInclude Include="Material.h">
      <Filter>Source Files\Application\Graphics\Materials</Filter>
    </ClInclude>
    <ClInclude Include="MaterialManager.h">
      <Filter>Source Files\Application\Graphics\Materials</Filter>
    </ClInclude>
    <ClInclude Include="Mesh.h">
      <Filter>Source Files\Application\Graphics\Meshes</Filter>
    </ClInclude>
    <ClInclude Include="MeshManager.h">
      <Filter>Source Files\Application\Graphics\Meshes</Filter>
    </ClInclude>
    <ClInclude Include="ShaderManager.h">
      <Filter>Source Files\Application\Graphics\Shaders</Filter>
    </ClInclude>
    <ClInclude Include="ShaderProgram.h">
      <Filter>Source Files\Application\Graphics\Shaders</Filter>
    </ClInclude>
    <ClInclude Include="Model.h">
      <Filter>Source Files\Application\Graphics\Models</Filter>
    </ClInclude>
    <ClInclude Include="Texture.h">
      <Filter>Source Files\Application\Graphics\Textures</Filter>
    </ClInclude>
    <ClInclude Include="TextureManager.h">
      <Filter>Source Files\Application\Graphics\Textures</Filter>
    </ClInclude>
    <ClInclude Include="ModelManager.h">
      <Filter>Source Files\Application\Graphics\Models</Filter>
    </ClInclude>
    <ClInclude Include="UniformBuffer.h">
      <Filter>Source Files\Application\Graphics\Shaders</Filter>
    </ClInclude>
    <ClInclude Include="Window.h">
      <Filter>Source Files\Application</Filter>
    </ClInclude>
    <ClInclude Include="glfwCallbacks.h">
      <Filter>Source Files\Application</Filter>
    </ClInclude>
    <ClInclude Include="Component.h">
      <Filter>Source Files\Application\Scene\Components</Filter>
    </ClInclude>
    <ClInclude Include="ComponentModel.h">
      <Filter>Source Files\Application\Scene\Components</Filter>
    </ClInclude>
    <ClInclude Include="ComponentFactory.h">
      <Filter>Source Files\Application\Scene\Components</Filter>
    </ClInclude>
    <ClInclude Include="ComponentAnimator.h">
      <Filter>Source Files\Application\Scene\Components</Filter>
    </ClInclude>
    <ClInclude Include="ComponentRenderer.h">
      <Filter>Source Files\Application\Scene\Components</Filter>
    </ClInclude>
    <ClInclude Include="ComponentCamera.h">
      <Filter>Source Files\Application\Scene\Components</Filter>
    </ClInclude>
    <ClInclude Include="..\imguizmo\ImGuizmo.h">
      <Filter>Libraries\ImGuizmo</Filter>
    </ClInclude>
    <ClInclude Include="PostProcess.h">
      <Filter>Source Files\Application\Graphics\Shaders</Filter>
    </ClInclude>
    <ClInclude Include="Animation.h">
      <Filter>Source Files\Application\Graphics\Models</Filter>
    </ClInclude>
    <ClInclude Include="FrameBuffer.h">
      <Filter>Source Files\Application\Graphics\Textures</Filter>
    </ClInclude>
    <ClInclude Include="..\soloud\src\audiosource\wav\dr_flac.h">
      <Filter>Libraries\soloud</Filter>
    </ClInclude>
    <ClInclude Include="..\soloud\src\audiosource\wav\dr_mp3.h">
      <Filter>Libraries\soloud</Filter>
    </ClInclude>
    <ClInclude Include="..\soloud\src\audiosource\wav\dr_wav.h">
      <Filter>Libraries\soloud</Filter>
    </ClInclude>
    <ClInclude Include="..\soloud\src\audiosource\wav\stb_vorbis.h">
      <Filter>Libraries\soloud</Filter>
    </ClInclude>
    <ClInclude Include="AudioManager.h">
      <Filter>Source Files\Application\Audio</Filter>
    </ClInclude>
    <ClInclude Include="AudioListener.h">
      <Filter>Source Files\Application\Audio</Filter>
    </ClInclude>
    <ClInclude Include="DungeonPlayer.h">
      <Filter>Source Files\Application\Crawler</Filter>
    </ClInclude>
    <ClInclude Include="Dungeon.h">
      <Filter>Source Files\Application\Crawler</Filter>
    </ClInclude>
    <ClInclude Include="DungeonEditor.h">
      <Filter>Source Files\Application\Crawler</Filter>
    </ClInclude>
    <ClInclude Include="ComponentAudioSource.h">
      <Filter>Source Files\Application\Scene\Components</Filter>
    </ClInclude>
    <ClInclude Include="DungeonArtTester.h">
      <Filter>Source Files\Application\Crawler</Filter>
    </ClInclude>
    <ClInclude Include="serialisation.h">
      <Filter>Source Files\StaticUtility</Filter>
    </ClInclude>
    <ClInclude Include="glm2json.h">
      <Filter>Source Files\StaticUtility</Filter>
    </ClInclude>
    <ClInclude Include="DungeonTile.h">
      <Filter>Source Files\Application\Crawler</Filter>
    </ClInclude>
    <ClInclude Include="DungeonInteractable.h">
      <Filter>Source Files\Application\Crawler</Filter>
    </ClInclude>
    <ClInclude Include="DungeonInteractableLever.h">
      <Filter>Source Files\Application\Crawler</Filter>
    </ClInclude>
    <ClInclude Include="DungeonDoor.h">
      <Filter>Source Files\Application\Crawler</Filter>
    </ClInclude>
    <ClInclude Include="DungeonHelpers.h">
      <Filter>Source Files\Application\Crawler</Filter>
    </ClInclude>
    <ClInclude Include="DungeonActivatorPlate.h">
      <Filter>Source Files\Application\Crawler</Filter>
    </ClInclude>
    <ClInclude Include="DungeonTransporter.h">
      <Filter>Source Files\Application\Crawler</Filter>
    </ClInclude>
    <ClInclude Include="DungeonSpikes.h">
      <Filter>Source Files\Application\Crawler</Filter>
    </ClInclude>
    <ClInclude Include="DungeonPushableBlock.h">
      <Filter>Source Files\Application\Crawler</Filter>
    </ClInclude>
    <ClInclude Include="DungeonShootLaser.h">
      <Filter>Source Files\Application\Crawler</Filter>
    </ClInclude>
    <ClInclude Include="DungeonDamageVisual.h">
      <Filter>Source Files\Application\Crawler</Filter>
    </ClInclude>
    <ClInclude Include="DungeonShootLaserProjectile.h">
      <Filter>Source Files\Application\Crawler</Filter>
    </ClInclude>
    <ClInclude Include="DungeonEnemyBlocker.h">
      <Filter>Source Files\Application\Crawler</Filter>
    </ClInclude>
    <ClInclude Include="DungeonEnemyChase.h">
      <Filter>Source Files\Application\Crawler</Filter>
    </ClInclude>
    <ClInclude Include="DungeonEnemySwitcher.h">
      <Filter>Source Files\Application\Crawler</Filter>
    </ClInclude>
    <ClInclude Include="DungeonCheckpoint.h">
      <Filter>Source Files\Application\Crawler</Filter>
    </ClInclude>
    <ClInclude Include="DungeonMirror.h">
      <Filter>Source Files\Application\Crawler</Filter>
    </ClInclude>
    <ClInclude Include="DungeonEnemySlug.h">
      <Filter>Source Files\Application\Crawler</Filter>
    </ClInclude>
    <ClInclude Include="DungeonEnemySlugPath.h">
      <Filter>Source Files\Application\Crawler</Filter>
    </ClInclude>
    <ClInclude Include="StringUtils.h">
      <Filter>Source Files\StaticUtility</Filter>
    </ClInclude>
    <ClInclude Include="DungeonDecoration.h">
      <Filter>Source Files\Application\Crawler</Filter>
    </ClInclude>
    <ClInclude Include="SceneEditorCamera.h">
      <Filter>Source Files\Application\Scene</Filter>
    </ClInclude>
    <ClInclude Include="SceneRenderer.h">
      <Filter>Source Files\Application\Scene</Filter>
    </ClInclude>
    <ClInclude Include="stb_image_write.h">
      <Filter>Libraries\stb_image</Filter>
    </ClInclude>
    <ClInclude Include="Primitives.h">
      <Filter>Source Files\Application\Scene</Filter>
    </ClInclude>
    <ClInclude Include="DungeonStairs.h">
      <Filter>Source Files\Application\Crawler</Filter>
    </ClInclude>
    <ClInclude Include="LineRenderer.h">
      <Filter>Source Files\Application\Scene</Filter>
    </ClInclude>
    <ClInclude Include="ComponentLightPoint.h">
      <Filter>Source Files\Application\Scene\Components</Filter>
    </ClInclude>
    <ClInclude Include="DungeonLight.h">
      <Filter>Source Files\Application\Crawler</Filter>
    </ClInclude>
    <ClInclude Include="DungeonEventTrigger.h">
      <Filter>Source Files\Application\Crawler</Filter>
    </ClInclude>
    <ClInclude Include="DungeonMenu.h">
      <Filter>Source Files\Application\Crawler</Filter>
    </ClInclude>
    <ClInclude Include="DungeonGameManager.h">
      <Filter>Source Files\Application\Crawler</Filter>
    </ClInclude>
    <ClInclude Include="DungeonGameManagerEvent.h">
      <Filter>Source Files\Application\Crawler</Filter>
    </ClInclude>
    <ClInclude Include="ComponentCameraShaker.h">
      <Filter>Source Files\Application\Scene\Components</Filter>
    </ClInclude>
    <ClInclude Include="DungeonMenuButton.h">
      <Filter>Source Files\Application\Crawler</Filter>
    </ClInclude>
    <ClInclude Include="DungeonCollectableKey.h">
      <Filter>Source Files\Application\Crawler</Filter>
    </ClInclude>
    <ClInclude Include="SceneRendererBatched.h">
      <Filter>Source Files\Application\Scene</Filter>
    </ClInclude>
    <ClInclude Include="DungeonGameFTUE.h">
      <Filter>Source Files\Application\Crawler</Filter>
    </ClInclude>
    <ClInclude Include="DungeonPushableBlockExploding.h">
      <Filter>Source Files\Application\Crawler</Filter>
    </ClInclude>
    <ClInclude Include="GraphicsUtility.h">
      <Filter>Source Files\Application\Graphics</Filter>
    </ClInclude>
    <ClInclude Include="stb_image_resize2.h">
      <Filter>Libraries\stb_image</Filter>
    </ClInclude>
  </ItemGroup>
</Project>